
Microsoft Visual Studio Solution File, Format Version 11.00
# Visual Studio 2010
Project("{8BC9CEB8-8B4A-11D0-8D11-00A0C91BC942}") = "axismod", "axismod\axismod.vcxproj", "{D71999D6-1445-4A52-8857-7048BB30D36F}"
EndProject
Global
	GlobalSection(SolutionConfigurationPlatforms) = preSolution
		Debug|Win32 = Debug|Win32
		Release|Win32 = Release|Win32
	EndGlobalSection
	GlobalSection(ProjectConfigurationPlatforms) = postSolution
		{D71999D6-1445-4A52-8857-7048BB30D36F}.Debug|Win32.ActiveCfg = Debug|Win32
		{D71999D6-1445-4A52-8857-7048BB30D36F}.Debug|Win32.Build.0 = Debug|Win32
		{D71999D6-1445-4A52-8857-7048BB30D36F}.Release|Win32.ActiveCfg = Release|Win32
		{D71999D6-1445-4A52-8857-7048BB30D36F}.Release|Win32.Build.0 = Release|Win32
	EndGlobalSection
	GlobalSection(SolutionProperties) = preSolution
		HideSolutionNode = FALSE
	EndGlobalSection
EndGlobal
